
Microsoft Visual Studio Solution File, Format Version 12.00
# Visual Studio Version 17
VisualStudioVersion = 17.0.31903.59
MinimumVisualStudioVersion = 10.0.40219.1
Project("{FAE04EC0-301F-11D3-BF4B-00C04F79EFBC}") = "Tests", "Tests\Tests.csproj", "{B2CE620D-2AF1-4281-B62C-6543FF5B0891}"
EndProject
Project("{FAE04EC0-301F-11D3-BF4B-00C04F79EFBC}") = "Services", "Services\Services.csproj", "{EFA7AFB3-4CCF-49EB-86D0-9CA1D8B60771}"
EndProject
Global
	GlobalSection(SolutionConfigurationPlatforms) = preSolution
		Debug|Any CPU = Debug|Any CPU
		Release|Any CPU = Release|Any CPU
	EndGlobalSection
	GlobalSection(SolutionProperties) = preSolution
		HideSolutionNode = FALSE
	EndGlobalSection
	GlobalSection(ProjectConfigurationPlatforms) = postSolution
		{B2CE620D-2AF1-4281-B62C-6543FF5B0891}.Debug|Any CPU.ActiveCfg = Debug|Any CPU
		{B2CE620D-2AF1-4281-B62C-6543FF5B0891}.Debug|Any CPU.Build.0 = Debug|Any CPU
		{B2CE620D-2AF1-4281-B62C-6543FF5B0891}.Release|Any CPU.ActiveCfg = Release|Any CPU
		{B2CE620D-2AF1-4281-B62C-6543FF5B0891}.Release|Any CPU.Build.0 = Release|Any CPU
		{EFA7AFB3-4CCF-49EB-86D0-9CA1D8B60771}.Debug|Any CPU.ActiveCfg = Debug|Any CPU
		{EFA7AFB3-4CCF-49EB-86D0-9CA1D8B60771}.Debug|Any CPU.Build.0 = Debug|Any CPU
		{EFA7AFB3-4CCF-49EB-86D0-9CA1D8B60771}.Release|Any CPU.ActiveCfg = Release|Any CPU
		{EFA7AFB3-4CCF-49EB-86D0-9CA1D8B60771}.Release|Any CPU.Build.0 = Release|Any CPU
	EndGlobalSection
EndGlobal
